{
  "name": "problemtwo",
  "version": "1.0.0",
  "lockfileVersion": 1,
  "requires": true,
  "dependencies": {
    "cron": {
      "version": "1.6.0",
      "resolved": "https://registry.npmjs.org/cron/-/cron-1.6.0.tgz",
      "integrity": "sha512-8OkXbeK3qF42ndzkIkCo3zfCDg2TxGjQiCQqVE+ZFFHa4vAcw0PdBc5i/6aJ9FppLncyKZmDuZdJ9/uuXEYZaw==",
      "requires": {
        "moment-timezone": "^0.5.x"
      }
    },
    "d": {
      "version": "1.0.0",
      "resolved": "https://registry.npmjs.org/d/-/d-1.0.0.tgz",
      "integrity": "sha1-dUu1v+VUUdpppYuU1F9MWwRi1Y8=",
      "requires": {
        "es5-ext": "^0.10.9"
      }
    },
    "datejs": {
      "version": "1.0.0-rc3",
      "resolved": "https://registry.npmjs.org/datejs/-/datejs-1.0.0-rc3.tgz",
      "integrity": "sha1-v/oe/t7+tB/diiQq9Vr6AftY3lc="
    },
    "duration": {
      "version": "0.2.2",
      "resolved": "https://registry.npmjs.org/duration/-/duration-0.2.2.tgz",
      "integrity": "sha512-06kgtea+bGreF5eKYgI/36A6pLXggY7oR4p1pq4SmdFBn1ReOL5D8RhG64VrqfTTKNucqqtBAwEj8aB88mcqrg==",
      "requires": {
        "d": "1",
        "es5-ext": "~0.10.46"
      }
    },
    "es5-ext": {
      "version": "0.10.47",
      "resolved": "https://registry.npmjs.org/es5-ext/-/es5-ext-0.10.47.tgz",
      "integrity": "sha512-/1TItLfj+TTfWoeRcDn/0FbGV6SNo4R+On2GGVucPU/j3BWnXE2Co8h8CTo4Tu34gFJtnmwS9xiScKs4EjZhdw==",
      "requires": {
        "es6-iterator": "~2.0.3",
        "es6-symbol": "~3.1.1",
        "next-tick": "1"
      }
    },
    "es6-iterator": {
      "version": "2.0.3",
      "resolved": "https://registry.npmjs.org/es6-iterator/-/es6-iterator-2.0.3.tgz",
      "integrity": "sha1-p96IkUGgWpSwhUQDstCg+/qY87c=",
      "requires": {
        "d": "1",
        "es5-ext": "^0.10.35",
        "es6-symbol": "^3.1.1"
      }
    },
    "es6-symbol": {
      "version": "3.1.1",
      "resolved": "https://registry.npmjs.org/es6-symbol/-/es6-symbol-3.1.1.tgz",
      "integrity": "sha1-vwDvT9q2uhtG7Le2KbTH7VcVzHc=",
      "requires": {
        "d": "1",
        "es5-ext": "~0.10.14"
      }
    },
    "js-joda": {
      "version": "1.9.2",
      "resolved": "https://registry.npmjs.org/js-joda/-/js-joda-1.9.2.tgz",
      "integrity": "sha512-gW45RnlxvxG3VRumOFlYr/dB3gIsE3fuC9uxTCxfVnPTTUh/NaXo09GT74g4HY34zM7omksxSSJFd7oXimKrEA=="
    },
    "jspack": {
      "version": "0.0.4",
      "resolved": "https://registry.npmjs.org/jspack/-/jspack-0.0.4.tgz",
      "integrity": "sha1-Mt01x/3LPjRWwY+7fvntC8YjgXc="
    },
    "moment": {
      "version": "2.24.0",
      "resolved": "https://registry.npmjs.org/moment/-/moment-2.24.0.tgz",
      "integrity": "sha512-bV7f+6l2QigeBBZSM/6yTNq4P2fNpSWj/0e7jQcy87A8e7o2nAfP/34/2ky5Vw4B9S446EtIhodAzkFCcR4dQg=="
    },
    "moment-timezone": {
      "version": "0.5.23",
      "resolved": "https://registry.npmjs.org/moment-timezone/-/moment-timezone-0.5.23.tgz",
      "integrity": "sha512-WHFH85DkCfiNMDX5D3X7hpNH3/PUhjTGcD0U1SgfBGZxJ3qUmJh5FdvaFjcClxOvB3rzdfj4oRffbI38jEnC1w==",
      "requires": {
        "moment": ">= 2.9.0"
      }
    },
    "next-tick": {
      "version": "1.0.0",
      "resolved": "https://registry.npmjs.org/next-tick/-/next-tick-1.0.0.tgz",
      "integrity": "sha1-yobR/ogoFpsBICCOPchCS524NCw="
    },
    "node-clock": {
      "version": "0.1.1",
      "resolved": "https://registry.npmjs.org/node-clock/-/node-clock-0.1.1.tgz",
      "integrity": "sha1-tdIONbOTB172nuolBXRYp7baIug=",
      "requires": {
        "timezone": "~0.0.23"
      }
    },
    "node-cron": {
      "version": "2.0.3",
      "resolved": "https://registry.npmjs.org/node-cron/-/node-cron-2.0.3.tgz",
      "integrity": "sha512-eJI+QitXlwcgiZwNNSRbqsjeZMp5shyajMR81RZCqeW0ZDEj4zU9tpd4nTh/1JsBiKbF8d08FCewiipDmVIYjg==",
      "requires": {
        "opencollective-postinstall": "^2.0.0",
        "tz-offset": "0.0.1"
      }
    },
    "opencollective-postinstall": {
      "version": "2.0.1",
      "resolved": "https://registry.npmjs.org/opencollective-postinstall/-/opencollective-postinstall-2.0.1.tgz",
      "integrity": "sha512-saQQ9hjLwu/oS0492eyYotoh+bra1819cfAT5rjY/e4REWwuc8IgZ844Oo44SiftWcJuBiqp0SA0BFVbmLX0IQ=="
    },
    "readline": {
      "version": "1.3.0",
      "resolved": "https://registry.npmjs.org/readline/-/readline-1.3.0.tgz",
      "integrity": "sha1-xYDXfvLPyHUrEySYBg3JeTp6wBw="
    },
    "timezone": {
      "version": "0.0.48",
      "resolved": "https://registry.npmjs.org/timezone/-/timezone-0.0.48.tgz",
      "integrity": "sha1-cYA82LarG2RUBDMMDLj4SqIlPCI="
    },
    "tz-offset": {
      "version": "0.0.1",
      "resolved": "https://registry.npmjs.org/tz-offset/-/tz-offset-0.0.1.tgz",
      "integrity": "sha512-kMBmblijHJXyOpKzgDhKx9INYU4u4E1RPMB0HqmKSgWG8vEcf3exEfLh4FFfzd3xdQOw9EuIy/cP0akY6rHopQ=="
    },
    "world-clock": {
      "version": "1.4.0",
      "resolved": "https://registry.npmjs.org/world-clock/-/world-clock-1.4.0.tgz",
      "integrity": "sha512-VboPIm+xsHQsy0LIAaHOubIGog/AQCy2sUFSz7Pbi908/j6NVacvgHt0qfoX9q8XDOSe1G9feNp5NIpAqqdh+A==",
      "requires": {
        "js-joda": "^1.9.2",
        "zoneinfo": "^0.1.8"
      }
    },
    "zoneinfo": {
      "version": "0.1.8",
      "resolved": "https://registry.npmjs.org/zoneinfo/-/zoneinfo-0.1.8.tgz",
      "integrity": "sha1-GtSVisfvF0Z2fqLNX2rMMsZ27DY=",
      "requires": {
        "jspack": ">= 0.0.1"
      }
    }
  }
}
